
Microsoft Visual Studio Solution File, Format Version 12.00
# Visual Studio Version 16
VisualStudioVersion = 16.0.31515.178
MinimumVisualStudioVersion = 10.0.40219.1
Project("{FAE04EC0-301F-11D3-BF4B-00C04F79EFBC}") = "MathLibrary", "MathLibrary\MathLibrary.csproj", "{66A6AB1F-85D6-4678-9101-3882DCC7CE86}"
EndProject
Project("{FAE04EC0-301F-11D3-BF4B-00C04F79EFBC}") = "MathLibrary.Test", "MathLibrary.Test\MathLibrary.Test.csproj", "{BD104C4A-42BC-4958-B885-C18EBE02AA5B}"
EndProject
Global
	GlobalSection(SolutionConfigurationPlatforms) = preSolution
		Debug|Any CPU = Debug|Any CPU
		Release|Any CPU = Release|Any CPU
	EndGlobalSection
	GlobalSection(ProjectConfigurationPlatforms) = postSolution
		{66A6AB1F-85D6-4678-9101-3882DCC7CE86}.Debug|Any CPU.ActiveCfg = Debug|Any CPU
		{66A6AB1F-85D6-4678-9101-3882DCC7CE86}.Debug|Any CPU.Build.0 = Debug|Any CPU
		{66A6AB1F-85D6-4678-9101-3882DCC7CE86}.Release|Any CPU.ActiveCfg = Release|Any CPU
		{66A6AB1F-85D6-4678-9101-3882DCC7CE86}.Release|Any CPU.Build.0 = Release|Any CPU
		{BD104C4A-42BC-4958-B885-C18EBE02AA5B}.Debug|Any CPU.ActiveCfg = Debug|Any CPU
		{BD104C4A-42BC-4958-B885-C18EBE02AA5B}.Debug|Any CPU.Build.0 = Debug|Any CPU
		{BD104C4A-42BC-4958-B885-C18EBE02AA5B}.Release|Any CPU.ActiveCfg = Release|Any CPU
		{BD104C4A-42BC-4958-B885-C18EBE02AA5B}.Release|Any CPU.Build.0 = Release|Any CPU
	EndGlobalSection
	GlobalSection(SolutionProperties) = preSolution
		HideSolutionNode = FALSE
	EndGlobalSection
	GlobalSection(ExtensibilityGlobals) = postSolution
		SolutionGuid = {F7829D9B-6438-41F3-8B06-674611E61ECD}
	EndGlobalSection
EndGlobal
